// !$*UTF8*$!
{
	archiveVersion = 1;
	classes = {
	};
	objectVersion = 48;
	objects = {

/* Begin PBXBuildFile section */
		350B7B012248CADF005E8BE4 /* ViewAdapter.m in Sources */ = {isa = PBXBuildFile; fileRef = 350B7B002248CADE005E8BE4 /* ViewAdapter.m */; };
		3597E4B9225C44FD0087C66A /* DWBaseTableAdapter+Action.m in Sources */ = {isa = PBXBuildFile; fileRef = 3597E4B6225C44FD0087C66A /* DWBaseTableAdapter+Action.m */; };
		3597E4BA225C44FD0087C66A /* DWBaseTableAdapter+Refresh.m in Sources */ = {isa = PBXBuildFile; fileRef = 3597E4B7225C44FD0087C66A /* DWBaseTableAdapter+Refresh.m */; };
		35D818DE224C4FCE009FDFAD /* DWBaseTableViewCell.m in Sources */ = {isa = PBXBuildFile; fileRef = 350B7AEE22486317005E8BE4 /* DWBaseTableViewCell.m */; };
		35D818DF224C4FCE009FDFAD /* DWBaseTableDataSourceModel.m in Sources */ = {isa = PBXBuildFile; fileRef = 350B7AEA22486317005E8BE4 /* DWBaseTableDataSourceModel.m */; };
		35D818E0224C4FCE009FDFAD /* DWBaseHandler.m in Sources */ = {isa = PBXBuildFile; fileRef = 350B7AE522486317005E8BE4 /* DWBaseHandler.m */; };
		35D818E1224C4FCE009FDFAD /* DWIocComponent.m in Sources */ = {isa = PBXBuildFile; fileRef = 350B7AF422486317005E8BE4 /* DWIocComponent.m */; };
		35D818E2224C4FCE009FDFAD /* DWBaseTableAdapter.m in Sources */ = {isa = PBXBuildFile; fileRef = 350B7AEC22486317005E8BE4 /* DWBaseTableAdapter.m */; };
		35D818E7224C5148009FDFAD /* ViewAdapterTypeCell1.m in Sources */ = {isa = PBXBuildFile; fileRef = 35D818E6224C5148009FDFAD /* ViewAdapterTypeCell1.m */; };
		35D818EA224C51DC009FDFAD /* ViewAdapterTypeCell2.m in Sources */ = {isa = PBXBuildFile; fileRef = 35D818E9224C51DC009FDFAD /* ViewAdapterTypeCell2.m */; };
		35D818ED224C5278009FDFAD /* ViewAdapterTypeCell3.m in Sources */ = {isa = PBXBuildFile; fileRef = 35D818EC224C5278009FDFAD /* ViewAdapterTypeCell3.m */; };
		35D818F0224C53CB009FDFAD /* ViewAdapterTypeCell4.m in Sources */ = {isa = PBXBuildFile; fileRef = 35D818EF224C53CB009FDFAD /* ViewAdapterTypeCell4.m */; };
		35D818F3224C58B8009FDFAD /* ViewAdapterTypeCell5.m in Sources */ = {isa = PBXBuildFile; fileRef = 35D818F2224C58B8009FDFAD /* ViewAdapterTypeCell5.m */; };
		7DB6047520629BDE00026F91 /* AppDelegate.m in Sources */ = {isa = PBXBuildFile; fileRef = 7DB6047420629BDE00026F91 /* AppDelegate.m */; };
		7DB6047820629BDE00026F91 /* ViewController.m in Sources */ = {isa = PBXBuildFile; fileRef = 7DB6047720629BDE00026F91 /* ViewController.m */; };
		7DB6047B20629BDE00026F91 /* Main.storyboard in Resources */ = {isa = PBXBuildFile; fileRef = 7DB6047920629BDE00026F91 /* Main.storyboard */; };
		7DB6047D20629BDE00026F91 /* Assets.xcassets in Resources */ = {isa = PBXBuildFile; fileRef = 7DB6047C20629BDE00026F91 /* Assets.xcassets */; };
		7DB6048020629BDE00026F91 /* LaunchScreen.storyboard in Resources */ = {isa = PBXBuildFile; fileRef = 7DB6047E20629BDE00026F91 /* LaunchScreen.storyboard */; };
		7DB6048320629BDE00026F91 /* main.m in Sources */ = {isa = PBXBuildFile; fileRef = 7DB6048220629BDE00026F91 /* main.m */; };
		7DB6048D20629BDF00026F91 /* DWBaseAdapterTests.m in Sources */ = {isa = PBXBuildFile; fileRef = 7DB6048C20629BDF00026F91 /* DWBaseAdapterTests.m */; };
		7DB6049820629BDF00026F91 /* DWBaseAdapterUITests.m in Sources */ = {isa = PBXBuildFile; fileRef = 7DB6049720629BDF00026F91 /* DWBaseAdapterUITests.m */; };
/* End PBXBuildFile section */

/* Begin PBXContainerItemProxy section */
		7DB6048920629BDF00026F91 /* PBXContainerItemProxy */ = {
			isa = PBXContainerItemProxy;
			containerPortal = 7DB6046820629BDE00026F91 /* Project object */;
			proxyType = 1;
			remoteGlobalIDString = 7DB6046F20629BDE00026F91;
			remoteInfo = DWBaseAdapter;
		};
		7DB6049420629BDF00026F91 /* PBXContainerItemProxy */ = {
			isa = PBXContainerItemProxy;
			containerPortal = 7DB6046820629BDE00026F91 /* Project object */;
			proxyType = 1;
			remoteGlobalIDString = 7DB6046F20629BDE00026F91;
			remoteInfo = DWBaseAdapter;
		};
/* End PBXContainerItemProxy section */

/* Begin PBXFileReference section */
		350B7AE522486317005E8BE4 /* DWBaseHandler.m */ = {isa = PBXFileReference; lastKnownFileType = sourcecode.c.objc; path = DWBaseHandler.m; sourceTree = "<group>"; };
		350B7AE622486317005E8BE4 /* DWBaseHandler.h */ = {isa = PBXFileReference; lastKnownFileType = sourcecode.c.h; path = DWBaseHandler.h; sourceTree = "<group>"; };
		350B7AE722486317005E8BE4 /* DWBaseHandlerProtocol.h */ = {isa = PBXFileReference; lastKnownFileType = sourcecode.c.h; path = DWBaseHandlerProtocol.h; sourceTree = "<group>"; };
		350B7AE922486317005E8BE4 /* DWBaseTableDataSourceModel.h */ = {isa = PBXFileReference; lastKnownFileType = sourcecode.c.h; path = DWBaseTableDataSourceModel.h; sourceTree = "<group>"; };
		350B7AEA22486317005E8BE4 /* DWBaseTableDataSourceModel.m */ = {isa = PBXFileReference; lastKnownFileType = sourcecode.c.objc; path = DWBaseTableDataSourceModel.m; sourceTree = "<group>"; };
		350B7AEB22486317005E8BE4 /* DWBaseTableAdapter.h */ = {isa = PBXFileReference; lastKnownFileType = sourcecode.c.h; path = DWBaseTableAdapter.h; sourceTree = "<group>"; };
		350B7AEC22486317005E8BE4 /* DWBaseTableAdapter.m */ = {isa = PBXFileReference; lastKnownFileType = sourcecode.c.objc; path = DWBaseTableAdapter.m; sourceTree = "<group>"; };
		350B7AEE22486317005E8BE4 /* DWBaseTableViewCell.m */ = {isa = PBXFileReference; lastKnownFileType = sourcecode.c.objc; path = DWBaseTableViewCell.m; sourceTree = "<group>"; };
		350B7AEF22486317005E8BE4 /* DWBaseTableViewCell.h */ = {isa = PBXFileReference; lastKnownFileType = sourcecode.c.h; path = DWBaseTableViewCell.h; sourceTree = "<group>"; };
		350B7AF022486317005E8BE4 /* DWBaseCellProtocol.h */ = {isa = PBXFileReference; lastKnownFileType = sourcecode.c.h; path = DWBaseCellProtocol.h; sourceTree = "<group>"; };
		350B7AF122486317005E8BE4 /* DWBaseTableViewProtocol.h */ = {isa = PBXFileReference; lastKnownFileType = sourcecode.c.h; path = DWBaseTableViewProtocol.h; sourceTree = "<group>"; };
		350B7AF322486317005E8BE4 /* DWIocComponent.h */ = {isa = PBXFileReference; lastKnownFileType = sourcecode.c.h; path = DWIocComponent.h; sourceTree = "<group>"; };
		350B7AF422486317005E8BE4 /* DWIocComponent.m */ = {isa = PBXFileReference; lastKnownFileType = sourcecode.c.objc; path = DWIocComponent.m; sourceTree = "<group>"; };
		350B7AFF2248CADE005E8BE4 /* ViewAdapter.h */ = {isa = PBXFileReference; lastKnownFileType = sourcecode.c.h; path = ViewAdapter.h; sourceTree = "<group>"; };
		350B7B002248CADE005E8BE4 /* ViewAdapter.m */ = {isa = PBXFileReference; lastKnownFileType = sourcecode.c.objc; path = ViewAdapter.m; sourceTree = "<group>"; };
		3597E4B5225C44FD0087C66A /* DWBaseTableAdapter+Refresh.h */ = {isa = PBXFileReference; fileEncoding = 4; lastKnownFileType = sourcecode.c.h; path = "DWBaseTableAdapter+Refresh.h"; sourceTree = "<group>"; };
		3597E4B6225C44FD0087C66A /* DWBaseTableAdapter+Action.m */ = {isa = PBXFileReference; fileEncoding = 4; lastKnownFileType = sourcecode.c.objc; path = "DWBaseTableAdapter+Action.m"; sourceTree = "<group>"; };
		3597E4B7225C44FD0087C66A /* DWBaseTableAdapter+Refresh.m */ = {isa = PBXFileReference; fileEncoding = 4; lastKnownFileType = sourcecode.c.objc; path = "DWBaseTableAdapter+Refresh.m"; sourceTree = "<group>"; };
		3597E4B8225C44FD0087C66A /* DWBaseTableAdapter+Action.h */ = {isa = PBXFileReference; fileEncoding = 4; lastKnownFileType = sourcecode.c.h; path = "DWBaseTableAdapter+Action.h"; sourceTree = "<group>"; };
		35D818E5224C5148009FDFAD /* ViewAdapterTypeCell1.h */ = {isa = PBXFileReference; lastKnownFileType = sourcecode.c.h; path = ViewAdapterTypeCell1.h; sourceTree = "<group>"; };
		35D818E6224C5148009FDFAD /* ViewAdapterTypeCell1.m */ = {isa = PBXFileReference; lastKnownFileType = sourcecode.c.objc; path = ViewAdapterTypeCell1.m; sourceTree = "<group>"; };
		35D818E8224C51DC009FDFAD /* ViewAdapterTypeCell2.h */ = {isa = PBXFileReference; lastKnownFileType = sourcecode.c.h; path = ViewAdapterTypeCell2.h; sourceTree = "<group>"; };
		35D818E9224C51DC009FDFAD /* ViewAdapterTypeCell2.m */ = {isa = PBXFileReference; lastKnownFileType = sourcecode.c.objc; path = ViewAdapterTypeCell2.m; sourceTree = "<group>"; };
		35D818EB224C5278009FDFAD /* ViewAdapterTypeCell3.h */ = {isa = PBXFileReference; lastKnownFileType = sourcecode.c.h; path = ViewAdapterTypeCell3.h; sourceTree = "<group>"; };
		35D818EC224C5278009FDFAD /* ViewAdapterTypeCell3.m */ = {isa = PBXFileReference; lastKnownFileType = sourcecode.c.objc; path = ViewAdapterTypeCell3.m; sourceTree = "<group>"; };
		35D818EE224C53CB009FDFAD /* ViewAdapterTypeCell4.h */ = {isa = PBXFileReference; lastKnownFileType = sourcecode.c.h; path = ViewAdapterTypeCell4.h; sourceTree = "<group>"; };
		35D818EF224C53CB009FDFAD /* ViewAdapterTypeCell4.m */ = {isa = PBXFileReference; lastKnownFileType = sourcecode.c.objc; path = ViewAdapterTypeCell4.m; sourceTree = "<group>"; };
		35D818F1224C58B8009FDFAD /* ViewAdapterTypeCell5.h */ = {isa = PBXFileReference; lastKnownFileType = sourcecode.c.h; path = ViewAdapterTypeCell5.h; sourceTree = "<group>"; };
		35D818F2224C58B8009FDFAD /* ViewAdapterTypeCell5.m */ = {isa = PBXFileReference; lastKnownFileType = sourcecode.c.objc; path = ViewAdapterTypeCell5.m; sourceTree = "<group>"; };
		7DB6047020629BDE00026F91 /* DWBaseAdapter.app */ = {isa = PBXFileReference; explicitFileType = wrapper.application; includeInIndex = 0; path = DWBaseAdapter.app; sourceTree = BUILT_PRODUCTS_DIR; };
		7DB6047320629BDE00026F91 /* AppDelegate.h */ = {isa = PBXFileReference; lastKnownFileType = sourcecode.c.h; path = AppDelegate.h; sourceTree = "<group>"; };
		7DB6047420629BDE00026F91 /* AppDelegate.m */ = {isa = PBXFileReference; lastKnownFileType = sourcecode.c.objc; path = AppDelegate.m; sourceTree = "<group>"; };
		7DB6047620629BDE00026F91 /* ViewController.h */ = {isa = PBXFileReference; lastKnownFileType = sourcecode.c.h; path = ViewController.h; sourceTree = "<group>"; };
		7DB6047720629BDE00026F91 /* ViewController.m */ = {isa = PBXFileReference; lastKnownFileType = sourcecode.c.objc; path = ViewController.m; sourceTree = "<group>"; };
		7DB6047A20629BDE00026F91 /* Base */ = {isa = PBXFileReference; lastKnownFileType = file.storyboard; name = Base; path = Base.lproj/Main.storyboard; sourceTree = "<group>"; };
		7DB6047C20629BDE00026F91 /* Assets.xcassets */ = {isa = PBXFileReference; lastKnownFileType = folder.assetcatalog; path = Assets.xcassets; sourceTree = "<group>"; };
		7DB6047F20629BDE00026F91 /* Base */ = {isa = PBXFileReference; lastKnownFileType = file.storyboard; name = Base; path = Base.lproj/LaunchScreen.storyboard; sourceTree = "<group>"; };
		7DB6048120629BDE00026F91 /* Info.plist */ = {isa = PBXFileReference; lastKnownFileType = text.plist.xml; path = Info.plist; sourceTree = "<group>"; };
		7DB6048220629BDE00026F91 /* main.m */ = {isa = PBXFileReference; lastKnownFileType = sourcecode.c.objc; path = main.m; sourceTree = "<group>"; };
		7DB6048820629BDF00026F91 /* DWBaseAdapterTests.xctest */ = {isa = PBXFileReference; explicitFileType = wrapper.cfbundle; includeInIndex = 0; path = DWBaseAdapterTests.xctest; sourceTree = BUILT_PRODUCTS_DIR; };
		7DB6048C20629BDF00026F91 /* DWBaseAdapterTests.m */ = {isa = PBXFileReference; lastKnownFileType = sourcecode.c.objc; path = DWBaseAdapterTests.m; sourceTree = "<group>"; };
		7DB6048E20629BDF00026F91 /* Info.plist */ = {isa = PBXFileReference; lastKnownFileType = text.plist.xml; path = Info.plist; sourceTree = "<group>"; };
		7DB6049320629BDF00026F91 /* DWBaseAdapterUITests.xctest */ = {isa = PBXFileReference; explicitFileType = wrapper.cfbundle; includeInIndex = 0; path = DWBaseAdapterUITests.xctest; sourceTree = BUILT_PRODUCTS_DIR; };
		7DB6049720629BDF00026F91 /* DWBaseAdapterUITests.m */ = {isa = PBXFileReference; lastKnownFileType = sourcecode.c.objc; path = DWBaseAdapterUITests.m; sourceTree = "<group>"; };
		7DB6049920629BDF00026F91 /* Info.plist */ = {isa = PBXFileReference; lastKnownFileType = text.plist.xml; path = Info.plist; sourceTree = "<group>"; };
/* End PBXFileReference section */

/* Begin PBXFrameworksBuildPhase section */
		7DB6046D20629BDE00026F91 /* Frameworks */ = {
			isa = PBXFrameworksBuildPhase;
			buildActionMask = 2147483647;
			files = (
			);
			runOnlyForDeploymentPostprocessing = 0;
		};
		7DB6048520629BDF00026F91 /* Frameworks */ = {
			isa = PBXFrameworksBuildPhase;
			buildActionMask = 2147483647;
			files = (
			);
			runOnlyForDeploymentPostprocessing = 0;
		};
		7DB6049020629BDF00026F91 /* Frameworks */ = {
			isa = PBXFrameworksBuildPhase;
			buildActionMask = 2147483647;
			files = (
			);
			runOnlyForDeploymentPostprocessing = 0;
		};
/* End PBXFrameworksBuildPhase section */

/* Begin PBXGroup section */
		350B7AE22248630E005E8BE4 /* DWAdapter */ = {
			isa = PBXGroup;
			children = (
				3597E4B4225C44FD0087C66A /* Category */,
				350B7AED22486317005E8BE4 /* Cell */,
				350B7AE822486317005E8BE4 /* DataSource */,
				350B7AE422486317005E8BE4 /* Handler */,
				350B7AF222486317005E8BE4 /* RuntimeMethod */,
				350B7AEB22486317005E8BE4 /* DWBaseTableAdapter.h */,
				350B7AEC22486317005E8BE4 /* DWBaseTableAdapter.m */,
				350B7AF122486317005E8BE4 /* DWBaseTableViewProtocol.h */,
			);
			path = DWAdapter;
			sourceTree = "<group>";
		};
		350B7AE422486317005E8BE4 /* Handler */ = {
			isa = PBXGroup;
			children = (
				350B7AE622486317005E8BE4 /* DWBaseHandler.h */,
				350B7AE522486317005E8BE4 /* DWBaseHandler.m */,
				350B7AE722486317005E8BE4 /* DWBaseHandlerProtocol.h */,
			);
			path = Handler;
			sourceTree = "<group>";
		};
		350B7AE822486317005E8BE4 /* DataSource */ = {
			isa = PBXGroup;
			children = (
				350B7AE922486317005E8BE4 /* DWBaseTableDataSourceModel.h */,
				350B7AEA22486317005E8BE4 /* DWBaseTableDataSourceModel.m */,
			);
			path = DataSource;
			sourceTree = "<group>";
		};
		350B7AED22486317005E8BE4 /* Cell */ = {
			isa = PBXGroup;
			children = (
				350B7AEF22486317005E8BE4 /* DWBaseTableViewCell.h */,
				350B7AEE22486317005E8BE4 /* DWBaseTableViewCell.m */,
				350B7AF022486317005E8BE4 /* DWBaseCellProtocol.h */,
			);
			path = Cell;
			sourceTree = "<group>";
		};
		350B7AF222486317005E8BE4 /* RuntimeMethod */ = {
			isa = PBXGroup;
			children = (
				350B7AF322486317005E8BE4 /* DWIocComponent.h */,
				350B7AF422486317005E8BE4 /* DWIocComponent.m */,
			);
			path = RuntimeMethod;
			sourceTree = "<group>";
		};
		350B7AF52248641B005E8BE4 /* Support */ = {
			isa = PBXGroup;
			children = (
				7DB6047320629BDE00026F91 /* AppDelegate.h */,
				7DB6047420629BDE00026F91 /* AppDelegate.m */,
				7DB6047920629BDE00026F91 /* Main.storyboard */,
				7DB6047C20629BDE00026F91 /* Assets.xcassets */,
				7DB6047E20629BDE00026F91 /* LaunchScreen.storyboard */,
				7DB6048220629BDE00026F91 /* main.m */,
			);
			path = Support;
			sourceTree = "<group>";
		};
		3597E4B4225C44FD0087C66A /* Category */ = {
			isa = PBXGroup;
			children = (
				3597E4B8225C44FD0087C66A /* DWBaseTableAdapter+Action.h */,
				3597E4B6225C44FD0087C66A /* DWBaseTableAdapter+Action.m */,
				3597E4B5225C44FD0087C66A /* DWBaseTableAdapter+Refresh.h */,
				3597E4B7225C44FD0087C66A /* DWBaseTableAdapter+Refresh.m */,
			);
			path = Category;
			sourceTree = "<group>";
		};
		35D818E3224C508A009FDFAD /* Examples */ = {
			isa = PBXGroup;
			children = (
				35D818E4224C5122009FDFAD /* Cells */,
				7DB6047620629BDE00026F91 /* ViewController.h */,
				7DB6047720629BDE00026F91 /* ViewController.m */,
				350B7AFF2248CADE005E8BE4 /* ViewAdapter.h */,
				350B7B002248CADE005E8BE4 /* ViewAdapter.m */,
			);
			path = Examples;
			sourceTree = "<group>";
		};
		35D818E4224C5122009FDFAD /* Cells */ = {
			isa = PBXGroup;
			children = (
				35D818E5224C5148009FDFAD /* ViewAdapterTypeCell1.h */,
				35D818E6224C5148009FDFAD /* ViewAdapterTypeCell1.m */,
				35D818E8224C51DC009FDFAD /* ViewAdapterTypeCell2.h */,
				35D818E9224C51DC009FDFAD /* ViewAdapterTypeCell2.m */,
				35D818EB224C5278009FDFAD /* ViewAdapterTypeCell3.h */,
				35D818EC224C5278009FDFAD /* ViewAdapterTypeCell3.m */,
				35D818EE224C53CB009FDFAD /* ViewAdapterTypeCell4.h */,
				35D818EF224C53CB009FDFAD /* ViewAdapterTypeCell4.m */,
				35D818F1224C58B8009FDFAD /* ViewAdapterTypeCell5.h */,
				35D818F2224C58B8009FDFAD /* ViewAdapterTypeCell5.m */,
			);
			path = Cells;
			sourceTree = "<group>";
		};
		7DB6046720629BDE00026F91 = {
			isa = PBXGroup;
			children = (
				7DB6047220629BDE00026F91 /* DWBaseAdapter */,
				7DB6048B20629BDF00026F91 /* DWBaseAdapterTests */,
				7DB6049620629BDF00026F91 /* DWBaseAdapterUITests */,
				7DB6047120629BDE00026F91 /* Products */,
			);
			sourceTree = "<group>";
		};
		7DB6047120629BDE00026F91 /* Products */ = {
			isa = PBXGroup;
			children = (
				7DB6047020629BDE00026F91 /* DWBaseAdapter.app */,
				7DB6048820629BDF00026F91 /* DWBaseAdapterTests.xctest */,
				7DB6049320629BDF00026F91 /* DWBaseAdapterUITests.xctest */,
			);
			name = Products;
			sourceTree = "<group>";
		};
		7DB6047220629BDE00026F91 /* DWBaseAdapter */ = {
			isa = PBXGroup;
			children = (
				350B7AF52248641B005E8BE4 /* Support */,
				35D818E3224C508A009FDFAD /* Examples */,
				350B7AE22248630E005E8BE4 /* DWAdapter */,
				7DB6048120629BDE00026F91 /* Info.plist */,
			);
			path = DWBaseAdapter;
			sourceTree = "<group>";
		};
		7DB6048B20629BDF00026F91 /* DWBaseAdapterTests */ = {
			isa = PBXGroup;
			children = (
				7DB6048C20629BDF00026F91 /* DWBaseAdapterTests.m */,
				7DB6048E20629BDF00026F91 /* Info.plist */,
			);
			path = DWBaseAdapterTests;
			sourceTree = "<group>";
		};
		7DB6049620629BDF00026F91 /* DWBaseAdapterUITests */ = {
			isa = PBXGroup;
			children = (
				7DB6049720629BDF00026F91 /* DWBaseAdapterUITests.m */,
				7DB6049920629BDF00026F91 /* Info.plist */,
			);
			path = DWBaseAdapterUITests;
			sourceTree = "<group>";
		};
/* End PBXGroup section */

/* Begin PBXNativeTarget section */
		7DB6046F20629BDE00026F91 /* DWBaseAdapter */ = {
			isa = PBXNativeTarget;
			buildConfigurationList = 7DB6049C20629BDF00026F91 /* Build configuration list for PBXNativeTarget "DWBaseAdapter" */;
			buildPhases = (
				7DB6046C20629BDE00026F91 /* Sources */,
				7DB6046D20629BDE00026F91 /* Frameworks */,
				7DB6046E20629BDE00026F91 /* Resources */,
			);
			buildRules = (
			);
			dependencies = (
			);
			name = DWBaseAdapter;
			productName = DWBaseAdapter;
			productReference = 7DB6047020629BDE00026F91 /* DWBaseAdapter.app */;
			productType = "com.apple.product-type.application";
		};
		7DB6048720629BDF00026F91 /* DWBaseAdapterTests */ = {
			isa = PBXNativeTarget;
			buildConfigurationList = 7DB6049F20629BDF00026F91 /* Build configuration list for PBXNativeTarget "DWBaseAdapterTests" */;
			buildPhases = (
				7DB6048420629BDF00026F91 /* Sources */,
				7DB6048520629BDF00026F91 /* Frameworks */,
				7DB6048620629BDF00026F91 /* Resources */,
			);
			buildRules = (
			);
			dependencies = (
				7DB6048A20629BDF00026F91 /* PBXTargetDependency */,
			);
			name = DWBaseAdapterTests;
			productName = DWBaseAdapterTests;
			productReference = 7DB6048820629BDF00026F91 /* DWBaseAdapterTests.xctest */;
			productType = "com.apple.product-type.bundle.unit-test";
		};
		7DB6049220629BDF00026F91 /* DWBaseAdapterUITests */ = {
			isa = PBXNativeTarget;
			buildConfigurationList = 7DB604A220629BDF00026F91 /* Build configuration list for PBXNativeTarget "DWBaseAdapterUITests" */;
			buildPhases = (
				7DB6048F20629BDF00026F91 /* Sources */,
				7DB6049020629BDF00026F91 /* Frameworks */,
				7DB6049120629BDF00026F91 /* Resources */,
			);
			buildRules = (
			);
			dependencies = (
				7DB6049520629BDF00026F91 /* PBXTargetDependency */,
			);
			name = DWBaseAdapterUITests;
			productName = DWBaseAdapterUITests;
			productReference = 7DB6049320629BDF00026F91 /* DWBaseAdapterUITests.xctest */;
			productType = "com.apple.product-type.bundle.ui-testing";
		};
/* End PBXNativeTarget section */

/* Begin PBXProject section */
		7DB6046820629BDE00026F91 /* Project object */ = {
			isa = PBXProject;
			attributes = {
				LastUpgradeCheck = 0900;
				ORGANIZATIONNAME = "丁巍";
				TargetAttributes = {
					7DB6046F20629BDE00026F91 = {
						CreatedOnToolsVersion = 9.0;
						ProvisioningStyle = Automatic;
					};
					7DB6048720629BDF00026F91 = {
						CreatedOnToolsVersion = 9.0;
						ProvisioningStyle = Automatic;
						TestTargetID = 7DB6046F20629BDE00026F91;
					};
					7DB6049220629BDF00026F91 = {
						CreatedOnToolsVersion = 9.0;
						ProvisioningStyle = Automatic;
						TestTargetID = 7DB6046F20629BDE00026F91;
					};
				};
			};
			buildConfigurationList = 7DB6046B20629BDE00026F91 /* Build configuration list for PBXProject "DWBaseAdapter" */;
			compatibilityVersion = "Xcode 8.0";
			developmentRegion = en;
			hasScannedForEncodings = 0;
			knownRegions = (
				en,
				Base,
			);
			mainGroup = 7DB6046720629BDE00026F91;
			productRefGroup = 7DB6047120629BDE00026F91 /* Products */;
			projectDirPath = "";
			projectRoot = "";
			targets = (
				7DB6046F20629BDE00026F91 /* DWBaseAdapter */,
				7DB6048720629BDF00026F91 /* DWBaseAdapterTests */,
				7DB6049220629BDF00026F91 /* DWBaseAdapterUITests */,
			);
		};
/* End PBXProject section */

/* Begin PBXResourcesBuildPhase section */
		7DB6046E20629BDE00026F91 /* Resources */ = {
			isa = PBXResourcesBuildPhase;
			buildActionMask = 2147483647;
			files = (
				7DB6048020629BDE00026F91 /* LaunchScreen.storyboard in Resources */,
				7DB6047D20629BDE00026F91 /* Assets.xcassets in Resources */,
				7DB6047B20629BDE00026F91 /* Main.storyboard in Resources */,
			);
			runOnlyForDeploymentPostprocessing = 0;
		};
		7DB6048620629BDF00026F91 /* Resources */ = {
			isa = PBXResourcesBuildPhase;
			buildActionMask = 2147483647;
			files = (
			);
			runOnlyForDeploymentPostprocessing = 0;
		};
		7DB6049120629BDF00026F91 /* Resources */ = {
			isa = PBXResourcesBuildPhase;
			buildActionMask = 2147483647;
			files = (
			);
			runOnlyForDeploymentPostprocessing = 0;
		};
/* End PBXResourcesBuildPhase section */

/* Begin PBXSourcesBuildPhase section */
		7DB6046C20629BDE00026F91 /* Sources */ = {
			isa = PBXSourcesBuildPhase;
			buildActionMask = 2147483647;
			files = (
				3597E4BA225C44FD0087C66A /* DWBaseTableAdapter+Refresh.m in Sources */,
				35D818DE224C4FCE009FDFAD /* DWBaseTableViewCell.m in Sources */,
				35D818DF224C4FCE009FDFAD /* DWBaseTableDataSourceModel.m in Sources */,
				35D818ED224C5278009FDFAD /* ViewAdapterTypeCell3.m in Sources */,
				35D818E0224C4FCE009FDFAD /* DWBaseHandler.m in Sources */,
				35D818E1224C4FCE009FDFAD /* DWIocComponent.m in Sources */,
				35D818E7224C5148009FDFAD /* ViewAdapterTypeCell1.m in Sources */,
				35D818F3224C58B8009FDFAD /* ViewAdapterTypeCell5.m in Sources */,
				35D818E2224C4FCE009FDFAD /* DWBaseTableAdapter.m in Sources */,
				3597E4B9225C44FD0087C66A /* DWBaseTableAdapter+Action.m in Sources */,
				350B7B012248CADF005E8BE4 /* ViewAdapter.m in Sources */,
				7DB6047820629BDE00026F91 /* ViewController.m in Sources */,
				35D818EA224C51DC009FDFAD /* ViewAdapterTypeCell2.m in Sources */,
				35D818F0224C53CB009FDFAD /* ViewAdapterTypeCell4.m in Sources */,
				7DB6048320629BDE00026F91 /* main.m in Sources */,
				7DB6047520629BDE00026F91 /* AppDelegate.m in Sources */,
			);
			runOnlyForDeploymentPostprocessing = 0;
		};
		7DB6048420629BDF00026F91 /* Sources */ = {
			isa = PBXSourcesBuildPhase;
			buildActionMask = 2147483647;
			files = (
				7DB6048D20629BDF00026F91 /* DWBaseAdapterTests.m in Sources */,
			);
			runOnlyForDeploymentPostprocessing = 0;
		};
		7DB6048F20629BDF00026F91 /* Sources */ = {
			isa = PBXSourcesBuildPhase;
			buildActionMask = 2147483647;
			files = (
				7DB6049820629BDF00026F91 /* DWBaseAdapterUITests.m in Sources */,
			);
			runOnlyForDeploymentPostprocessing = 0;
		};
/* End PBXSourcesBuildPhase section */

/* Begin PBXTargetDependency section */
		7DB6048A20629BDF00026F91 /* PBXTargetDependency */ = {
			isa = PBXTargetDependency;
			target = 7DB6046F20629BDE00026F91 /* DWBaseAdapter */;
			targetProxy = 7DB6048920629BDF00026F91 /* PBXContainerItemProxy */;
		};
		7DB6049520629BDF00026F91 /* PBXTargetDependency */ = {
			isa = PBXTargetDependency;
			target = 7DB6046F20629BDE00026F91 /* DWBaseAdapter */;
			targetProxy = 7DB6049420629BDF00026F91 /* PBXContainerItemProxy */;
		};
/* End PBXTargetDependency section */

/* Begin PBXVariantGroup section */
		7DB6047920629BDE00026F91 /* Main.storyboard */ = {
			isa = PBXVariantGroup;
			children = (
				7DB6047A20629BDE00026F91 /* Base */,
			);
			name = Main.storyboard;
			sourceTree = "<group>";
		};
		7DB6047E20629BDE00026F91 /* LaunchScreen.storyboard */ = {
			isa = PBXVariantGroup;
			children = (
				7DB6047F20629BDE00026F91 /* Base */,
			);
			name = LaunchScreen.storyboard;
			sourceTree = "<group>";
		};
/* End PBXVariantGroup section */

/* Begin XCBuildConfiguration section */
		7DB6049A20629BDF00026F91 /* Debug */ = {
			isa = XCBuildConfiguration;
			buildSettings = {
				ALWAYS_SEARCH_USER_PATHS = NO;
				CLANG_ANALYZER_NONNULL = YES;
				CLANG_ANALYZER_NUMBER_OBJECT_CONVERSION = YES_AGGRESSIVE;
				CLANG_CXX_LANGUAGE_STANDARD = "gnu++14";
				CLANG_CXX_LIBRARY = "libc++";
				CLANG_ENABLE_MODULES = YES;
				CLANG_ENABLE_OBJC_ARC = YES;
				CLANG_WARN_BLOCK_CAPTURE_AUTORELEASING = YES;
				CLANG_WARN_BOOL_CONVERSION = YES;
				CLANG_WARN_COMMA = YES;
				CLANG_WARN_CONSTANT_CONVERSION = YES;
				CLANG_WARN_DIRECT_OBJC_ISA_USAGE = YES_ERROR;
				CLANG_WARN_DOCUMENTATION_COMMENTS = YES;
				CLANG_WARN_EMPTY_BODY = YES;
				CLANG_WARN_ENUM_CONVERSION = YES;
				CLANG_WARN_INFINITE_RECURSION = YES;
				CLANG_WARN_INT_CONVERSION = YES;
				CLANG_WARN_NON_LITERAL_NULL_CONVERSION = YES;
				CLANG_WARN_OBJC_LITERAL_CONVERSION = YES;
				CLANG_WARN_OBJC_ROOT_CLASS = YES_ERROR;
				CLANG_WARN_RANGE_LOOP_ANALYSIS = YES;
				CLANG_WARN_STRICT_PROTOTYPES = YES;
				CLANG_WARN_SUSPICIOUS_MOVE = YES;
				CLANG_WARN_UNGUARDED_AVAILABILITY = YES_AGGRESSIVE;
				CLANG_WARN_UNREACHABLE_CODE = YES;
				CLANG_WARN__DUPLICATE_METHOD_MATCH = YES;
				CODE_SIGN_IDENTITY = "iPhone Developer";
				COPY_PHASE_STRIP = NO;
				DEBUG_INFORMATION_FORMAT = dwarf;
				ENABLE_STRICT_OBJC_MSGSEND = YES;
				ENABLE_TESTABILITY = YES;
				GCC_C_LANGUAGE_STANDARD = gnu11;
				GCC_DYNAMIC_NO_PIC = NO;
				GCC_NO_COMMON_BLOCKS = YES;
				GCC_OPTIMIZATION_LEVEL = 0;
				GCC_PREPROCESSOR_DEFINITIONS = (
					"DEBUG=1",
					"$(inherited)",
				);
				GCC_WARN_64_TO_32_BIT_CONVERSION = YES;
				GCC_WARN_ABOUT_RETURN_TYPE = YES_ERROR;
				GCC_WARN_UNDECLARED_SELECTOR = YES;
				GCC_WARN_UNINITIALIZED_AUTOS = YES_AGGRESSIVE;
				GCC_WARN_UNUSED_FUNCTION = YES;
				GCC_WARN_UNUSED_VARIABLE = YES;
				IPHONEOS_DEPLOYMENT_TARGET = 11.0;
				MTL_ENABLE_DEBUG_INFO = YES;
				ONLY_ACTIVE_ARCH = YES;
				SDKROOT = iphoneos;
			};
			name = Debug;
		};
		7DB6049B20629BDF00026F91 /* Release */ = {
			isa = XCBuildConfiguration;
			buildSettings = {
				ALWAYS_SEARCH_USER_PATHS = NO;
				CLANG_ANALYZER_NONNULL = YES;
				CLANG_ANALYZER_NUMBER_OBJECT_CONVERSION = YES_AGGRESSIVE;
				CLANG_CXX_LANGUAGE_STANDARD = "gnu++14";
				CLANG_CXX_LIBRARY = "libc++";
				CLANG_ENABLE_MODULES = YES;
				CLANG_ENABLE_OBJC_ARC = YES;
				CLANG_WARN_BLOCK_CAPTURE_AUTORELEASING = YES;
				CLANG_WARN_BOOL_CONVERSION = YES;
				CLANG_WARN_COMMA = YES;
				CLANG_WARN_CONSTANT_CONVERSION = YES;
				CLANG_WARN_DIRECT_OBJC_ISA_USAGE = YES_ERROR;
				CLANG_WARN_DOCUMENTATION_COMMENTS = YES;
				CLANG_WARN_EMPTY_BODY = YES;
				CLANG_WARN_ENUM_CONVERSION = YES;
				CLANG_WARN_INFINITE_RECURSION = YES;
				CLANG_WARN_INT_CONVERSION = YES;
				CLANG_WARN_NON_LITERAL_NULL_CONVERSION = YES;
				CLANG_WARN_OBJC_LITERAL_CONVERSION = YES;
				CLANG_WARN_OBJC_ROOT_CLASS = YES_ERROR;
				CLANG_WARN_RANGE_LOOP_ANALYSIS = YES;
				CLANG_WARN_STRICT_PROTOTYPES = YES;
				CLANG_WARN_SUSPICIOUS_MOVE = YES;
				CLANG_WARN_UNGUARDED_AVAILABILITY = YES_AGGRESSIVE;
				CLANG_WARN_UNREACHABLE_CODE = YES;
				CLANG_WARN__DUPLICATE_METHOD_MATCH = YES;
				CODE_SIGN_IDENTITY = "iPhone Developer";
				COPY_PHASE_STRIP = NO;
				DEBUG_INFORMATION_FORMAT = "dwarf-with-dsym";
				ENABLE_NS_ASSERTIONS = NO;
				ENABLE_STRICT_OBJC_MSGSEND = YES;
				GCC_C_LANGUAGE_STANDARD = gnu11;
				GCC_NO_COMMON_BLOCKS = YES;
				GCC_WARN_64_TO_32_BIT_CONVERSION = YES;
				GCC_WARN_ABOUT_RETURN_TYPE = YES_ERROR;
				GCC_WARN_UNDECLARED_SELECTOR = YES;
				GCC_WARN_UNINITIALIZED_AUTOS = YES_AGGRESSIVE;
				GCC_WARN_UNUSED_FUNCTION = YES;
				GCC_WARN_UNUSED_VARIABLE = YES;
				IPHONEOS_DEPLOYMENT_TARGET = 11.0;
				MTL_ENABLE_DEBUG_INFO = NO;
				SDKROOT = iphoneos;
				VALIDATE_PRODUCT = YES;
			};
			name = Release;
		};
		7DB6049D20629BDF00026F91 /* Debug */ = {
			isa = XCBuildConfiguration;
			buildSettings = {
				ASSETCATALOG_COMPILER_APPICON_NAME = AppIcon;
				CODE_SIGN_STYLE = Automatic;
				INFOPLIST_FILE = DWBaseAdapter/Info.plist;
				LD_RUNPATH_SEARCH_PATHS = "$(inherited) @executable_path/Frameworks";
				PRODUCT_BUNDLE_IDENTIFIER = com.dingwei.adapter.DWBaseAdapter;
				PRODUCT_NAME = "$(TARGET_NAME)";
				TARGETED_DEVICE_FAMILY = "1,2";
			};
			name = Debug;
		};
		7DB6049E20629BDF00026F91 /* Release */ = {
			isa = XCBuildConfiguration;
			buildSettings = {
				ASSETCATALOG_COMPILER_APPICON_NAME = AppIcon;
				CODE_SIGN_STYLE = Automatic;
				INFOPLIST_FILE = DWBaseAdapter/Info.plist;
				LD_RUNPATH_SEARCH_PATHS = "$(inherited) @executable_path/Frameworks";
				PRODUCT_BUNDLE_IDENTIFIER = com.dingwei.adapter.DWBaseAdapter;
				PRODUCT_NAME = "$(TARGET_NAME)";
				TARGETED_DEVICE_FAMILY = "1,2";
			};
			name = Release;
		};
		7DB604A020629BDF00026F91 /* Debug */ = {
			isa = XCBuildConfiguration;
			buildSettings = {
				BUNDLE_LOADER = "$(TEST_HOST)";
				CODE_SIGN_STYLE = Automatic;
				INFOPLIST_FILE = DWBaseAdapterTests/Info.plist;
				LD_RUNPATH_SEARCH_PATHS = "$(inherited) @executable_path/Frameworks @loader_path/Frameworks";
				PRODUCT_BUNDLE_IDENTIFIER = com.dingwei.adapter.DWBaseAdapterTests;
				PRODUCT_NAME = "$(TARGET_NAME)";
				TARGETED_DEVICE_FAMILY = "1,2";
				TEST_HOST = "$(BUILT_PRODUCTS_DIR)/DWBaseAdapter.app/DWBaseAdapter";
			};
			name = Debug;
		};
		7DB604A120629BDF00026F91 /* Release */ = {
			isa = XCBuildConfiguration;
			buildSettings = {
				BUNDLE_LOADER = "$(TEST_HOST)";
				CODE_SIGN_STYLE = Automatic;
				INFOPLIST_FILE = DWBaseAdapterTests/Info.plist;
				LD_RUNPATH_SEARCH_PATHS = "$(inherited) @executable_path/Frameworks @loader_path/Frameworks";
				PRODUCT_BUNDLE_IDENTIFIER = com.dingwei.adapter.DWBaseAdapterTests;
				PRODUCT_NAME = "$(TARGET_NAME)";
				TARGETED_DEVICE_FAMILY = "1,2";
				TEST_HOST = "$(BUILT_PRODUCTS_DIR)/DWBaseAdapter.app/DWBaseAdapter";
			};
			name = Release;
		};
		7DB604A320629BDF00026F91 /* Debug */ = {
			isa = XCBuildConfiguration;
			buildSettings = {
				CODE_SIGN_STYLE = Automatic;
				INFOPLIST_FILE = DWBaseAdapterUITests/Info.plist;
				LD_RUNPATH_SEARCH_PATHS = "$(inherited) @executable_path/Frameworks @loader_path/Frameworks";
				PRODUCT_BUNDLE_IDENTIFIER = com.dingwei.adapter.DWBaseAdapterUITests;
				PRODUCT_NAME = "$(TARGET_NAME)";
				TARGETED_DEVICE_FAMILY = "1,2";
				TEST_TARGET_NAME = DWBaseAdapter;
			};
			name = Debug;
		};
		7DB604A420629BDF00026F91 /* Release */ = {
			isa = XCBuildConfiguration;
			buildSettings = {
				CODE_SIGN_STYLE = Automatic;
				INFOPLIST_FILE = DWBaseAdapterUITests/Info.plist;
				LD_RUNPATH_SEARCH_PATHS = "$(inherited) @executable_path/Frameworks @loader_path/Frameworks";
				PRODUCT_BUNDLE_IDENTIFIER = com.dingwei.adapter.DWBaseAdapterUITests;
				PRODUCT_NAME = "$(TARGET_NAME)";
				TARGETED_DEVICE_FAMILY = "1,2";
				TEST_TARGET_NAME = DWBaseAdapter;
			};
			name = Release;
		};
/* End XCBuildConfiguration section */

/* Begin XCConfigurationList section */
		7DB6046B20629BDE00026F91 /* Build configuration list for PBXProject "DWBaseAdapter" */ = {
			isa = XCConfigurationList;
			buildConfigurations = (
				7DB6049A20629BDF00026F91 /* Debug */,
				7DB6049B20629BDF00026F91 /* Release */,
			);
			defaultConfigurationIsVisible = 0;
			defaultConfigurationName = Release;
		};
		7DB6049C20629BDF00026F91 /* Build configuration list for PBXNativeTarget "DWBaseAdapter" */ = {
			isa = XCConfigurationList;
			buildConfigurations = (
				7DB6049D20629BDF00026F91 /* Debug */,
				7DB6049E20629BDF00026F91 /* Release */,
			);
			defaultConfigurationIsVisible = 0;
			defaultConfigurationName = Release;
		};
		7DB6049F20629BDF00026F91 /* Build configuration list for PBXNativeTarget "DWBaseAdapterTests" */ = {
			isa = XCConfigurationList;
			buildConfigurations = (
				7DB604A020629BDF00026F91 /* Debug */,
				7DB604A120629BDF00026F91 /* Release */,
			);
			defaultConfigurationIsVisible = 0;
			defaultConfigurationName = Release;
		};
		7DB604A220629BDF00026F91 /* Build configuration list for PBXNativeTarget "DWBaseAdapterUITests" */ = {
			isa = XCConfigurationList;
			buildConfigurations = (
				7DB604A320629BDF00026F91 /* Debug */,
				7DB604A420629BDF00026F91 /* Release */,
			);
			defaultConfigurationIsVisible = 0;
			defaultConfigurationName = Release;
		};
/* End XCConfigurationList section */
	};
	rootObject = 7DB6046820629BDE00026F91 /* Project object */;
}
